// !$*UTF8*$!
{
	archiveVersion = 1;
	classes = {
	};
	objectVersion = 50;
	objects = {

/* Begin PBXBuildFile section */
		6543DD1322771D4300DE33C6 /* MovieSearchInteractor.swift in Sources */ = {isa = PBXBuildFile; fileRef = 6543DD1222771D4300DE33C6 /* MovieSearchInteractor.swift */; };
		6543DD1622771DBA00DE33C6 /* MovieSearchProvider.swift in Sources */ = {isa = PBXBuildFile; fileRef = 6543DD1522771DBA00DE33C6 /* MovieSearchProvider.swift */; };
		6543DD1A22771EE400DE33C6 /* TMDBMovieSearchProvider.swift in Sources */ = {isa = PBXBuildFile; fileRef = 6543DD1922771EE400DE33C6 /* TMDBMovieSearchProvider.swift */; };
		6543DD1C22771F1E00DE33C6 /* AppDepenciesContainer.swift in Sources */ = {isa = PBXBuildFile; fileRef = 6543DD1B22771F1E00DE33C6 /* AppDepenciesContainer.swift */; };
		6543DD1E227726F600DE33C6 /* WebService.swift in Sources */ = {isa = PBXBuildFile; fileRef = 6543DD1D227726F600DE33C6 /* WebService.swift */; };
		6543DD202277271800DE33C6 /* NetworkingSession.swift in Sources */ = {isa = PBXBuildFile; fileRef = 6543DD1F2277271800DE33C6 /* NetworkingSession.swift */; };
		6543DD222277274400DE33C6 /* ApiRequest.swift in Sources */ = {isa = PBXBuildFile; fileRef = 6543DD212277274400DE33C6 /* ApiRequest.swift */; };
		6543DD242277276400DE33C6 /* Endpoint.swift in Sources */ = {isa = PBXBuildFile; fileRef = 6543DD232277276400DE33C6 /* Endpoint.swift */; };
		6543DD262277277800DE33C6 /* Response.swift in Sources */ = {isa = PBXBuildFile; fileRef = 6543DD252277277800DE33C6 /* Response.swift */; };
		6543DD282277298800DE33C6 /* Movie.swift in Sources */ = {isa = PBXBuildFile; fileRef = 6543DD272277298800DE33C6 /* Movie.swift */; };
		6543DD2A2277A58300DE33C6 /* MoviePosterRequest.swift in Sources */ = {isa = PBXBuildFile; fileRef = 6543DD292277A58300DE33C6 /* MoviePosterRequest.swift */; };
		656F02822278C0D5005F5D45 /* MovieCell.xib in Resources */ = {isa = PBXBuildFile; fileRef = 656F02812278C0D5005F5D45 /* MovieCell.xib */; };
		656F02842278C3B3005F5D45 /* MovieCell.swift in Sources */ = {isa = PBXBuildFile; fileRef = 656F02832278C3B3005F5D45 /* MovieCell.swift */; };
		656F02862278C439005F5D45 /* ResultVCDataSource.swift in Sources */ = {isa = PBXBuildFile; fileRef = 656F02852278C439005F5D45 /* ResultVCDataSource.swift */; };
		656F02882279AA4C005F5D45 /* Poster.swift in Sources */ = {isa = PBXBuildFile; fileRef = 656F02872279AA4C005F5D45 /* Poster.swift */; };
		656F028A2279AB24005F5D45 /* PostersUseCase.swift in Sources */ = {isa = PBXBuildFile; fileRef = 656F02892279AB24005F5D45 /* PostersUseCase.swift */; };
		656F028C2279AB92005F5D45 /* PosterProvider.swift in Sources */ = {isa = PBXBuildFile; fileRef = 656F028B2279AB92005F5D45 /* PosterProvider.swift */; };
		656F028E2279ACE5005F5D45 /* PostersInteractor.swift in Sources */ = {isa = PBXBuildFile; fileRef = 656F028D2279ACE5005F5D45 /* PostersInteractor.swift */; };
		656F02902279AE7D005F5D45 /* TMDBPosterProvider.swift in Sources */ = {isa = PBXBuildFile; fileRef = 656F028F2279AE7D005F5D45 /* TMDBPosterProvider.swift */; };
		65B842512275F1FC006AEB81 /* AppDelegate.swift in Sources */ = {isa = PBXBuildFile; fileRef = 65B842502275F1FC006AEB81 /* AppDelegate.swift */; };
		65B842532275F1FC006AEB81 /* SearchViewController.swift in Sources */ = {isa = PBXBuildFile; fileRef = 65B842522275F1FC006AEB81 /* SearchViewController.swift */; };
		65B842582275F1FD006AEB81 /* Assets.xcassets in Resources */ = {isa = PBXBuildFile; fileRef = 65B842572275F1FD006AEB81 /* Assets.xcassets */; };
		65B8425B2275F1FD006AEB81 /* LaunchScreen.storyboard in Resources */ = {isa = PBXBuildFile; fileRef = 65B842592275F1FD006AEB81 /* LaunchScreen.storyboard */; };
		65B842682275F467006AEB81 /* SearchViewController.xib in Resources */ = {isa = PBXBuildFile; fileRef = 65B842672275F467006AEB81 /* SearchViewController.xib */; };
		65B8426A2275F592006AEB81 /* AppCoordinator.swift in Sources */ = {isa = PBXBuildFile; fileRef = 65B842692275F592006AEB81 /* AppCoordinator.swift */; };
		65B8426C22760771006AEB81 /* ResultViewController.swift in Sources */ = {isa = PBXBuildFile; fileRef = 65B8426B22760771006AEB81 /* ResultViewController.swift */; };
		65B8426E2276079F006AEB81 /* ResultViewController.xib in Resources */ = {isa = PBXBuildFile; fileRef = 65B8426D2276079F006AEB81 /* ResultViewController.xib */; };
		65B8427422760D7B006AEB81 /* MovieSearchUseCase.swift in Sources */ = {isa = PBXBuildFile; fileRef = 65B8427322760D7B006AEB81 /* MovieSearchUseCase.swift */; };
/* End PBXBuildFile section */

/* Begin PBXFileReference section */
		6543DD1222771D4300DE33C6 /* MovieSearchInteractor.swift */ = {isa = PBXFileReference; lastKnownFileType = sourcecode.swift; path = MovieSearchInteractor.swift; sourceTree = "<group>"; };
		6543DD1522771DBA00DE33C6 /* MovieSearchProvider.swift */ = {isa = PBXFileReference; lastKnownFileType = sourcecode.swift; path = MovieSearchProvider.swift; sourceTree = "<group>"; };
		6543DD1922771EE400DE33C6 /* TMDBMovieSearchProvider.swift */ = {isa = PBXFileReference; lastKnownFileType = sourcecode.swift; path = TMDBMovieSearchProvider.swift; sourceTree = "<group>"; };
		6543DD1B22771F1E00DE33C6 /* AppDepenciesContainer.swift */ = {isa = PBXFileReference; lastKnownFileType = sourcecode.swift; path = AppDepenciesContainer.swift; sourceTree = "<group>"; };
		6543DD1D227726F600DE33C6 /* WebService.swift */ = {isa = PBXFileReference; lastKnownFileType = sourcecode.swift; path = WebService.swift; sourceTree = "<group>"; };
		6543DD1F2277271800DE33C6 /* NetworkingSession.swift */ = {isa = PBXFileReference; lastKnownFileType = sourcecode.swift; path = NetworkingSession.swift; sourceTree = "<group>"; };
		6543DD212277274400DE33C6 /* ApiRequest.swift */ = {isa = PBXFileReference; lastKnownFileType = sourcecode.swift; path = ApiRequest.swift; sourceTree = "<group>"; };
		6543DD232277276400DE33C6 /* Endpoint.swift */ = {isa = PBXFileReference; lastKnownFileType = sourcecode.swift; path = Endpoint.swift; sourceTree = "<group>"; };
		6543DD252277277800DE33C6 /* Response.swift */ = {isa = PBXFileReference; lastKnownFileType = sourcecode.swift; path = Response.swift; sourceTree = "<group>"; };
		6543DD272277298800DE33C6 /* Movie.swift */ = {isa = PBXFileReference; lastKnownFileType = sourcecode.swift; path = Movie.swift; sourceTree = "<group>"; };
		6543DD292277A58300DE33C6 /* MoviePosterRequest.swift */ = {isa = PBXFileReference; lastKnownFileType = sourcecode.swift; path = MoviePosterRequest.swift; sourceTree = "<group>"; };
		656F02812278C0D5005F5D45 /* MovieCell.xib */ = {isa = PBXFileReference; lastKnownFileType = file.xib; path = MovieCell.xib; sourceTree = "<group>"; };
		656F02832278C3B3005F5D45 /* MovieCell.swift */ = {isa = PBXFileReference; lastKnownFileType = sourcecode.swift; path = MovieCell.swift; sourceTree = "<group>"; };
		656F02852278C439005F5D45 /* ResultVCDataSource.swift */ = {isa = PBXFileReference; lastKnownFileType = sourcecode.swift; path = ResultVCDataSource.swift; sourceTree = "<group>"; };
		656F02872279AA4C005F5D45 /* Poster.swift */ = {isa = PBXFileReference; lastKnownFileType = sourcecode.swift; path = Poster.swift; sourceTree = "<group>"; };
		656F02892279AB24005F5D45 /* PostersUseCase.swift */ = {isa = PBXFileReference; lastKnownFileType = sourcecode.swift; path = PostersUseCase.swift; sourceTree = "<group>"; };
		656F028B2279AB92005F5D45 /* PosterProvider.swift */ = {isa = PBXFileReference; lastKnownFileType = sourcecode.swift; path = PosterProvider.swift; sourceTree = "<group>"; };
		656F028D2279ACE5005F5D45 /* PostersInteractor.swift */ = {isa = PBXFileReference; lastKnownFileType = sourcecode.swift; path = PostersInteractor.swift; sourceTree = "<group>"; };
		656F028F2279AE7D005F5D45 /* TMDBPosterProvider.swift */ = {isa = PBXFileReference; lastKnownFileType = sourcecode.swift; path = TMDBPosterProvider.swift; sourceTree = "<group>"; };
		65B8424D2275F1FC006AEB81 /* CleanArchitectureDemo.app */ = {isa = PBXFileReference; explicitFileType = wrapper.application; includeInIndex = 0; path = CleanArchitectureDemo.app; sourceTree = BUILT_PRODUCTS_DIR; };
		65B842502275F1FC006AEB81 /* AppDelegate.swift */ = {isa = PBXFileReference; lastKnownFileType = sourcecode.swift; path = AppDelegate.swift; sourceTree = "<group>"; };
		65B842522275F1FC006AEB81 /* SearchViewController.swift */ = {isa = PBXFileReference; lastKnownFileType = sourcecode.swift; path = SearchViewController.swift; sourceTree = "<group>"; };
		65B842572275F1FD006AEB81 /* Assets.xcassets */ = {isa = PBXFileReference; lastKnownFileType = folder.assetcatalog; path = Assets.xcassets; sourceTree = "<group>"; };
		65B8425A2275F1FD006AEB81 /* Base */ = {isa = PBXFileReference; lastKnownFileType = file.storyboard; name = Base; path = Base.lproj/LaunchScreen.storyboard; sourceTree = "<group>"; };
		65B8425C2275F1FD006AEB81 /* Info.plist */ = {isa = PBXFileReference; lastKnownFileType = text.plist.xml; path = Info.plist; sourceTree = "<group>"; };
		65B842672275F467006AEB81 /* SearchViewController.xib */ = {isa = PBXFileReference; lastKnownFileType = file.xib; path = SearchViewController.xib; sourceTree = "<group>"; };
		65B842692275F592006AEB81 /* AppCoordinator.swift */ = {isa = PBXFileReference; lastKnownFileType = sourcecode.swift; path = AppCoordinator.swift; sourceTree = "<group>"; };
		65B8426B22760771006AEB81 /* ResultViewController.swift */ = {isa = PBXFileReference; lastKnownFileType = sourcecode.swift; path = ResultViewController.swift; sourceTree = "<group>"; };
		65B8426D2276079F006AEB81 /* ResultViewController.xib */ = {isa = PBXFileReference; lastKnownFileType = file.xib; path = ResultViewController.xib; sourceTree = "<group>"; };
		65B8427322760D7B006AEB81 /* MovieSearchUseCase.swift */ = {isa = PBXFileReference; lastKnownFileType = sourcecode.swift; path = MovieSearchUseCase.swift; sourceTree = "<group>"; };
/* End PBXFileReference section */

/* Begin PBXFrameworksBuildPhase section */
		65B8424A2275F1FC006AEB81 /* Frameworks */ = {
			isa = PBXFrameworksBuildPhase;
			buildActionMask = 2147483647;
			files = (
			);
			runOnlyForDeploymentPostprocessing = 0;
		};
/* End PBXFrameworksBuildPhase section */

/* Begin PBXGroup section */
		6543DD0E22771D1B00DE33C6 /* Use Cases */ = {
			isa = PBXGroup;
			children = (
				6543DD1222771D4300DE33C6 /* MovieSearchInteractor.swift */,
				65B8427322760D7B006AEB81 /* MovieSearchUseCase.swift */,
				656F028D2279ACE5005F5D45 /* PostersInteractor.swift */,
				656F02892279AB24005F5D45 /* PostersUseCase.swift */,
			);
			path = "Use Cases";
			sourceTree = "<group>";
		};
		6543DD1022771D2C00DE33C6 /* Entitites */ = {
			isa = PBXGroup;
			children = (
				6543DD272277298800DE33C6 /* Movie.swift */,
				656F02872279AA4C005F5D45 /* Poster.swift */,
			);
			path = Entitites;
			sourceTree = "<group>";
		};
		6543DD1122771D3100DE33C6 /* Response models */ = {
			isa = PBXGroup;
			children = (
				6543DD252277277800DE33C6 /* Response.swift */,
			);
			path = "Response models";
			sourceTree = "<group>";
		};
		6543DD1422771DA600DE33C6 /* Provider */ = {
			isa = PBXGroup;
			children = (
				6543DD1522771DBA00DE33C6 /* MovieSearchProvider.swift */,
				656F028B2279AB92005F5D45 /* PosterProvider.swift */,
			);
			path = Provider;
			sourceTree = "<group>";
		};
		6543DD1722771EB900DE33C6 /* Networking */ = {
			isa = PBXGroup;
			children = (
				6543DD1D227726F600DE33C6 /* WebService.swift */,
				6543DD1F2277271800DE33C6 /* NetworkingSession.swift */,
				6543DD212277274400DE33C6 /* ApiRequest.swift */,
				6543DD292277A58300DE33C6 /* MoviePosterRequest.swift */,
				6543DD232277276400DE33C6 /* Endpoint.swift */,
			);
			path = Networking;
			sourceTree = "<group>";
		};
		6543DD1822771EC100DE33C6 /* Providers */ = {
			isa = PBXGroup;
			children = (
				6543DD1922771EE400DE33C6 /* TMDBMovieSearchProvider.swift */,
				656F028F2279AE7D005F5D45 /* TMDBPosterProvider.swift */,
			);
			path = Providers;
			sourceTree = "<group>";
		};
		65B842442275F1FC006AEB81 = {
			isa = PBXGroup;
			children = (
				65B8424F2275F1FC006AEB81 /* CleanArchitectureDemo */,
				65B8424E2275F1FC006AEB81 /* Products */,
			);
			sourceTree = "<group>";
		};
		65B8424E2275F1FC006AEB81 /* Products */ = {
			isa = PBXGroup;
			children = (
				65B8424D2275F1FC006AEB81 /* CleanArchitectureDemo.app */,
			);
			name = Products;
			sourceTree = "<group>";
		};
		65B8424F2275F1FC006AEB81 /* CleanArchitectureDemo */ = {
			isa = PBXGroup;
			children = (
				65B842652275F3B4006AEB81 /* Main */,
				65B8427222760C0E006AEB81 /* Data Layer */,
				65B8427122760BF3006AEB81 /* Domain Layer */,
				65B842662275F3C0006AEB81 /* UI layer */,
				65B842622275F26B006AEB81 /* SupportingFiles */,
			);
			path = CleanArchitectureDemo;
			sourceTree = "<group>";
		};
		65B842622275F26B006AEB81 /* SupportingFiles */ = {
			isa = PBXGroup;
			children = (
				65B842572275F1FD006AEB81 /* Assets.xcassets */,
				65B842592275F1FD006AEB81 /* LaunchScreen.storyboard */,
				65B8425C2275F1FD006AEB81 /* Info.plist */,
			);
			path = SupportingFiles;
			sourceTree = "<group>";
		};
		65B842652275F3B4006AEB81 /* Main */ = {
			isa = PBXGroup;
			children = (
				65B842502275F1FC006AEB81 /* AppDelegate.swift */,
				6543DD1B22771F1E00DE33C6 /* AppDepenciesContainer.swift */,
			);
			path = Main;
			sourceTree = "<group>";
		};
		65B842662275F3C0006AEB81 /* UI layer */ = {
			isa = PBXGroup;
			children = (
				65B842692275F592006AEB81 /* AppCoordinator.swift */,
				65B8426F227607AA006AEB81 /* Search */,
				65B84270227607B4006AEB81 /* Result */,
			);
			path = "UI layer";
			sourceTree = "<group>";
		};
		65B8426F227607AA006AEB81 /* Search */ = {
			isa = PBXGroup;
			children = (
				65B842522275F1FC006AEB81 /* SearchViewController.swift */,
				65B842672275F467006AEB81 /* SearchViewController.xib */,
			);
			path = Search;
			sourceTree = "<group>";
		};
		65B84270227607B4006AEB81 /* Result */ = {
			isa = PBXGroup;
			children = (
				65B8426B22760771006AEB81 /* ResultViewController.swift */,
				65B8426D2276079F006AEB81 /* ResultViewController.xib */,
				656F02852278C439005F5D45 /* ResultVCDataSource.swift */,
				656F02832278C3B3005F5D45 /* MovieCell.swift */,
				656F02812278C0D5005F5D45 /* MovieCell.xib */,
			);
			path = Result;
			sourceTree = "<group>";
		};
		65B8427122760BF3006AEB81 /* Domain Layer */ = {
			isa = PBXGroup;
			children = (
				6543DD1422771DA600DE33C6 /* Provider */,
				6543DD1122771D3100DE33C6 /* Response models */,
				6543DD1022771D2C00DE33C6 /* Entitites */,
				6543DD0E22771D1B00DE33C6 /* Use Cases */,
			);
			path = "Domain Layer";
			sourceTree = "<group>";
		};
		65B8427222760C0E006AEB81 /* Data Layer */ = {
			isa = PBXGroup;
			children = (
				6543DD1722771EB900DE33C6 /* Networking */,
				6543DD1822771EC100DE33C6 /* Providers */,
			);
			path = "Data Layer";
			sourceTree = "<group>";
		};
/* End PBXGroup section */

/* Begin PBXNativeTarget section */
		65B8424C2275F1FC006AEB81 /* CleanArchitectureDemo */ = {
			isa = PBXNativeTarget;
			buildConfigurationList = 65B8425F2275F1FD006AEB81 /* Build configuration list for PBXNativeTarget "CleanArchitectureDemo" */;
			buildPhases = (
				65B842492275F1FC006AEB81 /* Sources */,
				65B8424A2275F1FC006AEB81 /* Frameworks */,
				65B8424B2275F1FC006AEB81 /* Resources */,
			);
			buildRules = (
			);
			dependencies = (
			);
			name = CleanArchitectureDemo;
			productName = CleanArchitectureDemo;
			productReference = 65B8424D2275F1FC006AEB81 /* CleanArchitectureDemo.app */;
			productType = "com.apple.product-type.application";
		};
/* End PBXNativeTarget section */

/* Begin PBXProject section */
		65B842452275F1FC006AEB81 /* Project object */ = {
			isa = PBXProject;
			attributes = {
				LastSwiftUpdateCheck = 1020;
				LastUpgradeCheck = 1020;
				ORGANIZATIONNAME = "Nikola Matijevic";
				TargetAttributes = {
					65B8424C2275F1FC006AEB81 = {
						CreatedOnToolsVersion = 10.2.1;
					};
				};
			};
			buildConfigurationList = 65B842482275F1FC006AEB81 /* Build configuration list for PBXProject "CleanArchitectureDemo" */;
			compatibilityVersion = "Xcode 9.3";
			developmentRegion = en;
			hasScannedForEncodings = 0;
			knownRegions = (
				en,
				Base,
			);
			mainGroup = 65B842442275F1FC006AEB81;
			productRefGroup = 65B8424E2275F1FC006AEB81 /* Products */;
			projectDirPath = "";
			projectRoot = "";
			targets = (
				65B8424C2275F1FC006AEB81 /* CleanArchitectureDemo */,
			);
		};
/* End PBXProject section */

/* Begin PBXResourcesBuildPhase section */
		65B8424B2275F1FC006AEB81 /* Resources */ = {
			isa = PBXResourcesBuildPhase;
			buildActionMask = 2147483647;
			files = (
				65B8425B2275F1FD006AEB81 /* LaunchScreen.storyboard in Resources */,
				65B842582275F1FD006AEB81 /* Assets.xcassets in Resources */,
				65B842682275F467006AEB81 /* SearchViewController.xib in Resources */,
				65B8426E2276079F006AEB81 /* ResultViewController.xib in Resources */,
				656F02822278C0D5005F5D45 /* MovieCell.xib in Resources */,
			);
			runOnlyForDeploymentPostprocessing = 0;
		};
/* End PBXResourcesBuildPhase section */

/* Begin PBXSourcesBuildPhase section */
		65B842492275F1FC006AEB81 /* Sources */ = {
			isa = PBXSourcesBuildPhase;
			buildActionMask = 2147483647;
			files = (
				6543DD202277271800DE33C6 /* NetworkingSession.swift in Sources */,
				656F02842278C3B3005F5D45 /* MovieCell.swift in Sources */,
				65B8426A2275F592006AEB81 /* AppCoordinator.swift in Sources */,
				6543DD1322771D4300DE33C6 /* MovieSearchInteractor.swift in Sources */,
				6543DD242277276400DE33C6 /* Endpoint.swift in Sources */,
				65B8427422760D7B006AEB81 /* MovieSearchUseCase.swift in Sources */,
				6543DD1C22771F1E00DE33C6 /* AppDepenciesContainer.swift in Sources */,
				6543DD262277277800DE33C6 /* Response.swift in Sources */,
				656F028A2279AB24005F5D45 /* PostersUseCase.swift in Sources */,
				6543DD1E227726F600DE33C6 /* WebService.swift in Sources */,
				6543DD1A22771EE400DE33C6 /* TMDBMovieSearchProvider.swift in Sources */,
				6543DD2A2277A58300DE33C6 /* MoviePosterRequest.swift in Sources */,
				65B842532275F1FC006AEB81 /* SearchViewController.swift in Sources */,
				6543DD1622771DBA00DE33C6 /* MovieSearchProvider.swift in Sources */,
				656F02882279AA4C005F5D45 /* Poster.swift in Sources */,
				656F02902279AE7D005F5D45 /* TMDBPosterProvider.swift in Sources */,
				65B842512275F1FC006AEB81 /* AppDelegate.swift in Sources */,
				656F02862278C439005F5D45 /* ResultVCDataSource.swift in Sources */,
				656F028E2279ACE5005F5D45 /* PostersInteractor.swift in Sources */,
				656F028C2279AB92005F5D45 /* PosterProvider.swift in Sources */,
				6543DD222277274400DE33C6 /* ApiRequest.swift in Sources */,
				65B8426C22760771006AEB81 /* ResultViewController.swift in Sources */,
				6543DD282277298800DE33C6 /* Movie.swift in Sources */,
			);
			runOnlyForDeploymentPostprocessing = 0;
		};
/* End PBXSourcesBuildPhase section */

/* Begin PBXVariantGroup section */
		65B842592275F1FD006AEB81 /* LaunchScreen.storyboard */ = {
			isa = PBXVariantGroup;
			children = (
				65B8425A2275F1FD006AEB81 /* Base */,
			);
			name = LaunchScreen.storyboard;
			sourceTree = "<group>";
		};
/* End PBXVariantGroup section */

/* Begin XCBuildConfiguration section */
		65B8425D2275F1FD006AEB81 /* Debug */ = {
			isa = XCBuildConfiguration;
			buildSettings = {
				ALWAYS_SEARCH_USER_PATHS = NO;
				CLANG_ANALYZER_NONNULL = YES;
				CLANG_ANALYZER_NUMBER_OBJECT_CONVERSION = YES_AGGRESSIVE;
				CLANG_CXX_LANGUAGE_STANDARD = "gnu++14";
				CLANG_CXX_LIBRARY = "libc++";
				CLANG_ENABLE_MODULES = YES;
				CLANG_ENABLE_OBJC_ARC = YES;
				CLANG_ENABLE_OBJC_WEAK = YES;
				CLANG_WARN_BLOCK_CAPTURE_AUTORELEASING = YES;
				CLANG_WARN_BOOL_CONVERSION = YES;
				CLANG_WARN_COMMA = YES;
				CLANG_WARN_CONSTANT_CONVERSION = YES;
				CLANG_WARN_DEPRECATED_OBJC_IMPLEMENTATIONS = YES;
				CLANG_WARN_DIRECT_OBJC_ISA_USAGE = YES_ERROR;
				CLANG_WARN_DOCUMENTATION_COMMENTS = YES;
				CLANG_WARN_EMPTY_BODY = YES;
				CLANG_WARN_ENUM_CONVERSION = YES;
				CLANG_WARN_INFINITE_RECURSION = YES;
				CLANG_WARN_INT_CONVERSION = YES;
				CLANG_WARN_NON_LITERAL_NULL_CONVERSION = YES;
				CLANG_WARN_OBJC_IMPLICIT_RETAIN_SELF = YES;
				CLANG_WARN_OBJC_LITERAL_CONVERSION = YES;
				CLANG_WARN_OBJC_ROOT_CLASS = YES_ERROR;
				CLANG_WARN_RANGE_LOOP_ANALYSIS = YES;
				CLANG_WARN_STRICT_PROTOTYPES = YES;
				CLANG_WARN_SUSPICIOUS_MOVE = YES;
				CLANG_WARN_UNGUARDED_AVAILABILITY = YES_AGGRESSIVE;
				CLANG_WARN_UNREACHABLE_CODE = YES;
				CLANG_WARN__DUPLICATE_METHOD_MATCH = YES;
				CODE_SIGN_IDENTITY = "iPhone Developer";
				COPY_PHASE_STRIP = NO;
				DEBUG_INFORMATION_FORMAT = dwarf;
				ENABLE_STRICT_OBJC_MSGSEND = YES;
				ENABLE_TESTABILITY = YES;
				GCC_C_LANGUAGE_STANDARD = gnu11;
				GCC_DYNAMIC_NO_PIC = NO;
				GCC_NO_COMMON_BLOCKS = YES;
				GCC_OPTIMIZATION_LEVEL = 0;
				GCC_PREPROCESSOR_DEFINITIONS = (
					"DEBUG=1",
					"$(inherited)",
				);
				GCC_WARN_64_TO_32_BIT_CONVERSION = YES;
				GCC_WARN_ABOUT_RETURN_TYPE = YES_ERROR;
				GCC_WARN_UNDECLARED_SELECTOR = YES;
				GCC_WARN_UNINITIALIZED_AUTOS = YES_AGGRESSIVE;
				GCC_WARN_UNUSED_FUNCTION = YES;
				GCC_WARN_UNUSED_VARIABLE = YES;
				IPHONEOS_DEPLOYMENT_TARGET = 12.2;
				MTL_ENABLE_DEBUG_INFO = INCLUDE_SOURCE;
				MTL_FAST_MATH = YES;
				ONLY_ACTIVE_ARCH = YES;
				SDKROOT = iphoneos;
				SWIFT_ACTIVE_COMPILATION_CONDITIONS = DEBUG;
				SWIFT_OPTIMIZATION_LEVEL = "-Onone";
			};
			name = Debug;
		};
		65B8425E2275F1FD006AEB81 /* Release */ = {
			isa = XCBuildConfiguration;
			buildSettings = {
				ALWAYS_SEARCH_USER_PATHS = NO;
				CLANG_ANALYZER_NONNULL = YES;
				CLANG_ANALYZER_NUMBER_OBJECT_CONVERSION = YES_AGGRESSIVE;
				CLANG_CXX_LANGUAGE_STANDARD = "gnu++14";
				CLANG_CXX_LIBRARY = "libc++";
				CLANG_ENABLE_MODULES = YES;
				CLANG_ENABLE_OBJC_ARC = YES;
				CLANG_ENABLE_OBJC_WEAK = YES;
				CLANG_WARN_BLOCK_CAPTURE_AUTORELEASING = YES;
				CLANG_WARN_BOOL_CONVERSION = YES;
				CLANG_WARN_COMMA = YES;
				CLANG_WARN_CONSTANT_CONVERSION = YES;
				CLANG_WARN_DEPRECATED_OBJC_IMPLEMENTATIONS = YES;
				CLANG_WARN_DIRECT_OBJC_ISA_USAGE = YES_ERROR;
				CLANG_WARN_DOCUMENTATION_COMMENTS = YES;
				CLANG_WARN_EMPTY_BODY = YES;
				CLANG_WARN_ENUM_CONVERSION = YES;
				CLANG_WARN_INFINITE_RECURSION = YES;
				CLANG_WARN_INT_CONVERSION = YES;
				CLANG_WARN_NON_LITERAL_NULL_CONVERSION = YES;
				CLANG_WARN_OBJC_IMPLICIT_RETAIN_SELF = YES;
				CLANG_WARN_OBJC_LITERAL_CONVERSION = YES;
				CLANG_WARN_OBJC_ROOT_CLASS = YES_ERROR;
				CLANG_WARN_RANGE_LOOP_ANALYSIS = YES;
				CLANG_WARN_STRICT_PROTOTYPES = YES;
				CLANG_WARN_SUSPICIOUS_MOVE = YES;
				CLANG_WARN_UNGUARDED_AVAILABILITY = YES_AGGRESSIVE;
				CLANG_WARN_UNREACHABLE_CODE = YES;
				CLANG_WARN__DUPLICATE_METHOD_MATCH = YES;
				CODE_SIGN_IDENTITY = "iPhone Developer";
				COPY_PHASE_STRIP = NO;
				DEBUG_INFORMATION_FORMAT = "dwarf-with-dsym";
				ENABLE_NS_ASSERTIONS = NO;
				ENABLE_STRICT_OBJC_MSGSEND = YES;
				GCC_C_LANGUAGE_STANDARD = gnu11;
				GCC_NO_COMMON_BLOCKS = YES;
				GCC_WARN_64_TO_32_BIT_CONVERSION = YES;
				GCC_WARN_ABOUT_RETURN_TYPE = YES_ERROR;
				GCC_WARN_UNDECLARED_SELECTOR = YES;
				GCC_WARN_UNINITIALIZED_AUTOS = YES_AGGRESSIVE;
				GCC_WARN_UNUSED_FUNCTION = YES;
				GCC_WARN_UNUSED_VARIABLE = YES;
				IPHONEOS_DEPLOYMENT_TARGET = 12.2;
				MTL_ENABLE_DEBUG_INFO = NO;
				MTL_FAST_MATH = YES;
				SDKROOT = iphoneos;
				SWIFT_COMPILATION_MODE = wholemodule;
				SWIFT_OPTIMIZATION_LEVEL = "-O";
				VALIDATE_PRODUCT = YES;
			};
			name = Release;
		};
		65B842602275F1FD006AEB81 /* Debug */ = {
			isa = XCBuildConfiguration;
			buildSettings = {
				ASSETCATALOG_COMPILER_APPICON_NAME = AppIcon;
				CODE_SIGN_STYLE = Automatic;
				DEVELOPMENT_TEAM = 45ZPSW47B3;
				INFOPLIST_FILE = "$(SRCROOT)/CleanArchitectureDemo/SupportingFiles/Info.plist";
				LD_RUNPATH_SEARCH_PATHS = (
					"$(inherited)",
					"@executable_path/Frameworks",
				);
				PRODUCT_BUNDLE_IDENTIFIER = NM.CleanArchitectureDemo;
				PRODUCT_NAME = "$(TARGET_NAME)";
				SWIFT_VERSION = 5.0;
				TARGETED_DEVICE_FAMILY = 1;
			};
			name = Debug;
		};
		65B842612275F1FD006AEB81 /* Release */ = {
			isa = XCBuildConfiguration;
			buildSettings = {
				ASSETCATALOG_COMPILER_APPICON_NAME = AppIcon;
				CODE_SIGN_STYLE = Automatic;
				DEVELOPMENT_TEAM = 45ZPSW47B3;
				INFOPLIST_FILE = "$(SRCROOT)/CleanArchitectureDemo/SupportingFiles/Info.plist";
				LD_RUNPATH_SEARCH_PATHS = (
					"$(inherited)",
					"@executable_path/Frameworks",
				);
				PRODUCT_BUNDLE_IDENTIFIER = NM.CleanArchitectureDemo;
				PRODUCT_NAME = "$(TARGET_NAME)";
				SWIFT_VERSION = 5.0;
				TARGETED_DEVICE_FAMILY = 1;
			};
			name = Release;
		};
/* End XCBuildConfiguration section */

/* Begin XCConfigurationList section */
		65B842482275F1FC006AEB81 /* Build configuration list for PBXProject "CleanArchitectureDemo" */ = {
			isa = XCConfigurationList;
			buildConfigurations = (
				65B8425D2275F1FD006AEB81 /* Debug */,
				65B8425E2275F1FD006AEB81 /* Release */,
			);
			defaultConfigurationIsVisible = 0;
			defaultConfigurationName = Release;
		};
		65B8425F2275F1FD006AEB81 /* Build configuration list for PBXNativeTarget "CleanArchitectureDemo" */ = {
			isa = XCConfigurationList;
			buildConfigurations = (
				65B842602275F1FD006AEB81 /* Debug */,
				65B842612275F1FD006AEB81 /* Release */,
			);
			defaultConfigurationIsVisible = 0;
			defaultConfigurationName = Release;
		};
/* End XCConfigurationList section */
	};
	rootObject = 65B842452275F1FC006AEB81 /* Project object */;
}
